
Microsoft Visual Studio Solution File, Format Version 12.00
# Visual Studio Version 17
VisualStudioVersion = 17.3.32804.467
MinimumVisualStudioVersion = 10.0.40219.1
Project("{FAE04EC0-301F-11D3-BF4B-00C04F79EFBC}") = "ShiftKeeper.Api", "ShiftKeeper.Api\ShiftKeeper.Api.csproj", "{1B2C4125-DF07-4E07-BF1B-0A06FB1FAE38}"
EndProject
Global
	GlobalSection(SolutionConfigurationPlatforms) = preSolution
		Debug|Any CPU = Debug|Any CPU
		Release|Any CPU = Release|Any CPU
	EndGlobalSection
	GlobalSection(ProjectConfigurationPlatforms) = postSolution
		{1B2C4125-DF07-4E07-BF1B-0A06FB1FAE38}.Debug|Any CPU.ActiveCfg = Debug|Any CPU
		{1B2C4125-DF07-4E07-BF1B-0A06FB1FAE38}.Debug|Any CPU.Build.0 = Debug|Any CPU
		{1B2C4125-DF07-4E07-BF1B-0A06FB1FAE38}.Release|Any CPU.ActiveCfg = Release|Any CPU
		{1B2C4125-DF07-4E07-BF1B-0A06FB1FAE38}.Release|Any CPU.Build.0 = Release|Any CPU
	EndGlobalSection
	GlobalSection(SolutionProperties) = preSolution
		HideSolutionNode = FALSE
	EndGlobalSection
	GlobalSection(ExtensibilityGlobals) = postSolution
		SolutionGuid = {8958F5E3-A7E4-4ABA-8CC6-C4A81D1B1FD1}
	EndGlobalSection
EndGlobal
